{
  "originHash" : "1c188cf440acb435ef2354c9c4c973e22a5f67a5d29b866974d022f16a1182f0",
  "pins" : [
    {
      "identity" : "mtg-sdk-swift",
      "kind" : "remoteSourceControl",
      "location" : "https://github.com/MagicTheGathering/mtg-sdk-swift",
      "state" : {
        "revision" : "3ae8530ece3ea1261881dc74cb980753ae3392b5",
        "version" : "1.1.1"
      }
    }
  ],
  "version" : 3
}
